
Microsoft Visual Studio Solution File, Format Version 12.00
# Visual Studio 14
VisualStudioVersion = 14.0.25420.1
MinimumVisualStudioVersion = 10.0.40219.1
Project("{FAE04EC0-301F-11D3-BF4B-00C04F79EFBC}") = "SocketServerService", "SocketServerService\SocketServerService.csproj", "{A3B6396C-AF5F-437E-BEDE-2537584FB4C2}"
EndProject
Project("{FAE04EC0-301F-11D3-BF4B-00C04F79EFBC}") = "DataAccess", "DataAccess\DataAccess.csproj", "{263D3CED-10EC-4180-BEF4-FA1D979ED34D}"
EndProject
Project("{FAE04EC0-301F-11D3-BF4B-00C04F79EFBC}") = "RemoteControl", "RemoteControl\RemoteControl.csproj", "{3555EF91-7E7E-4598-AAE5-7C2CD5F5F758}"
EndProject
Project("{FAE04EC0-301F-11D3-BF4B-00C04F79EFBC}") = "Server", "Server\Server.csproj", "{9C5D6E6C-C445-4D8F-B31D-79F6BBB5D56C}"
EndProject
Project("{F088123C-0E9E-452A-89E6-6BA2F21D5CAC}") = "ModelingProject", "ModelingProject\ModelingProject.modelproj", "{37474838-ABB2-4B0F-AD32-6A2E7B24EEBC}"
EndProject
Project("{FAE04EC0-301F-11D3-BF4B-00C04F79EFBC}") = "ServerHandling", "ServerHandling\ServerHandling.csproj", "{78DAC77B-F011-4FB6-B6BB-4ED07195A383}"
EndProject
Global
	GlobalSection(SolutionConfigurationPlatforms) = preSolution
		Debug|Any CPU = Debug|Any CPU
		Release|Any CPU = Release|Any CPU
	EndGlobalSection
	GlobalSection(ProjectConfigurationPlatforms) = postSolution
		{A3B6396C-AF5F-437E-BEDE-2537584FB4C2}.Debug|Any CPU.ActiveCfg = Debug|Any CPU
		{A3B6396C-AF5F-437E-BEDE-2537584FB4C2}.Debug|Any CPU.Build.0 = Debug|Any CPU
		{A3B6396C-AF5F-437E-BEDE-2537584FB4C2}.Release|Any CPU.ActiveCfg = Release|Any CPU
		{A3B6396C-AF5F-437E-BEDE-2537584FB4C2}.Release|Any CPU.Build.0 = Release|Any CPU
		{263D3CED-10EC-4180-BEF4-FA1D979ED34D}.Debug|Any CPU.ActiveCfg = Debug|Any CPU
		{263D3CED-10EC-4180-BEF4-FA1D979ED34D}.Debug|Any CPU.Build.0 = Debug|Any CPU
		{263D3CED-10EC-4180-BEF4-FA1D979ED34D}.Release|Any CPU.ActiveCfg = Release|Any CPU
		{263D3CED-10EC-4180-BEF4-FA1D979ED34D}.Release|Any CPU.Build.0 = Release|Any CPU
		{3555EF91-7E7E-4598-AAE5-7C2CD5F5F758}.Debug|Any CPU.ActiveCfg = Debug|Any CPU
		{3555EF91-7E7E-4598-AAE5-7C2CD5F5F758}.Debug|Any CPU.Build.0 = Debug|Any CPU
		{3555EF91-7E7E-4598-AAE5-7C2CD5F5F758}.Release|Any CPU.ActiveCfg = Release|Any CPU
		{3555EF91-7E7E-4598-AAE5-7C2CD5F5F758}.Release|Any CPU.Build.0 = Release|Any CPU
		{9C5D6E6C-C445-4D8F-B31D-79F6BBB5D56C}.Debug|Any CPU.ActiveCfg = Debug|Any CPU
		{9C5D6E6C-C445-4D8F-B31D-79F6BBB5D56C}.Debug|Any CPU.Build.0 = Debug|Any CPU
		{9C5D6E6C-C445-4D8F-B31D-79F6BBB5D56C}.Release|Any CPU.ActiveCfg = Release|Any CPU
		{9C5D6E6C-C445-4D8F-B31D-79F6BBB5D56C}.Release|Any CPU.Build.0 = Release|Any CPU
		{37474838-ABB2-4B0F-AD32-6A2E7B24EEBC}.Debug|Any CPU.ActiveCfg = Debug|Any CPU
		{37474838-ABB2-4B0F-AD32-6A2E7B24EEBC}.Debug|Any CPU.Build.0 = Debug|Any CPU
		{37474838-ABB2-4B0F-AD32-6A2E7B24EEBC}.Release|Any CPU.ActiveCfg = Release|Any CPU
		{37474838-ABB2-4B0F-AD32-6A2E7B24EEBC}.Release|Any CPU.Build.0 = Release|Any CPU
		{78DAC77B-F011-4FB6-B6BB-4ED07195A383}.Debug|Any CPU.ActiveCfg = Debug|Any CPU
		{78DAC77B-F011-4FB6-B6BB-4ED07195A383}.Debug|Any CPU.Build.0 = Debug|Any CPU
		{78DAC77B-F011-4FB6-B6BB-4ED07195A383}.Release|Any CPU.ActiveCfg = Release|Any CPU
		{78DAC77B-F011-4FB6-B6BB-4ED07195A383}.Release|Any CPU.Build.0 = Release|Any CPU
	EndGlobalSection
	GlobalSection(SolutionProperties) = preSolution
		HideSolutionNode = FALSE
	EndGlobalSection
EndGlobal
